// !$*UTF8*$!
{
	archiveVersion = 1;
	classes = {
	};
	objectVersion = 55;
	objects = {

/* Begin PBXBuildFile section */
		1D3746CEE6B2DEBA07DE2867 /* Pods_FileManagerAppTests.framework in Frameworks */ = {isa = PBXBuildFile; fileRef = 3C29F8E8DC687FBBCCC4BCA7 /* Pods_FileManagerAppTests.framework */; };
		778B2CCB928C9AF1D43CC6E1 /* Pods_FileManagerApp.framework in Frameworks */ = {isa = PBXBuildFile; fileRef = C81327EAF0464DDDEEFF215D /* Pods_FileManagerApp.framework */; };
		C71786D82855F132009D88AC /* AppDelegate.swift in Sources */ = {isa = PBXBuildFile; fileRef = C71786D72855F132009D88AC /* AppDelegate.swift */; };
		C71786DA2855F132009D88AC /* SceneDelegate.swift in Sources */ = {isa = PBXBuildFile; fileRef = C71786D92855F132009D88AC /* SceneDelegate.swift */; };
		C71786DC2855F132009D88AC /* MainViewController.swift in Sources */ = {isa = PBXBuildFile; fileRef = C71786DB2855F132009D88AC /* MainViewController.swift */; };
		C71786DF2855F132009D88AC /* Main.storyboard in Resources */ = {isa = PBXBuildFile; fileRef = C71786DD2855F132009D88AC /* Main.storyboard */; };
		C71786E12855F135009D88AC /* Assets.xcassets in Resources */ = {isa = PBXBuildFile; fileRef = C71786E02855F135009D88AC /* Assets.xcassets */; };
		C71786E42855F135009D88AC /* LaunchScreen.storyboard in Resources */ = {isa = PBXBuildFile; fileRef = C71786E22855F135009D88AC /* LaunchScreen.storyboard */; };
		C71786EF2855F135009D88AC /* FileManagerAppTests.swift in Sources */ = {isa = PBXBuildFile; fileRef = C71786EE2855F135009D88AC /* FileManagerAppTests.swift */; };
		C71786F92855F135009D88AC /* FileManagerAppUITests.swift in Sources */ = {isa = PBXBuildFile; fileRef = C71786F82855F135009D88AC /* FileManagerAppUITests.swift */; };
		C71786FB2855F135009D88AC /* FileManagerAppUITestsLaunchTests.swift in Sources */ = {isa = PBXBuildFile; fileRef = C71786FA2855F135009D88AC /* FileManagerAppUITestsLaunchTests.swift */; };
		C7178708285671BC009D88AC /* CustomCollectionViewFlowLayout.swift in Sources */ = {isa = PBXBuildFile; fileRef = C7178707285671BC009D88AC /* CustomCollectionViewFlowLayout.swift */; };
		C717870F28567F9E009D88AC /* Constants.swift in Sources */ = {isa = PBXBuildFile; fileRef = C717870E28567F9E009D88AC /* Constants.swift */; };
		C717871128568039009D88AC /* FetchAPI.swift in Sources */ = {isa = PBXBuildFile; fileRef = C717871028568039009D88AC /* FetchAPI.swift */; };
		C717871328568163009D88AC /* SpreadSheetModel.swift in Sources */ = {isa = PBXBuildFile; fileRef = C717871228568163009D88AC /* SpreadSheetModel.swift */; };
		C7178715285681C5009D88AC /* FileModel.swift in Sources */ = {isa = PBXBuildFile; fileRef = C7178714285681C5009D88AC /* FileModel.swift */; };
		C7178718285682E0009D88AC /* GridCollectionViewCell.swift in Sources */ = {isa = PBXBuildFile; fileRef = C7178716285682E0009D88AC /* GridCollectionViewCell.swift */; };
		C7178719285682E0009D88AC /* GridCollectionViewCell.xib in Resources */ = {isa = PBXBuildFile; fileRef = C7178717285682E0009D88AC /* GridCollectionViewCell.xib */; };
		C717871D28568C44009D88AC /* ListCollectionViewCell.swift in Sources */ = {isa = PBXBuildFile; fileRef = C717871B28568C44009D88AC /* ListCollectionViewCell.swift */; };
		C717871E28568C44009D88AC /* ListCollectionViewCell.xib in Resources */ = {isa = PBXBuildFile; fileRef = C717871C28568C44009D88AC /* ListCollectionViewCell.xib */; };
		C717872128577671009D88AC /* Alamofire in Frameworks */ = {isa = PBXBuildFile; productRef = C717872028577671009D88AC /* Alamofire */; };
		C717872F285A3FAE009D88AC /* ChildViewController.swift in Sources */ = {isa = PBXBuildFile; fileRef = C717872E285A3FAE009D88AC /* ChildViewController.swift */; };
		C7489535285BB8750000A26F /* UpdateDataProtocol.swift in Sources */ = {isa = PBXBuildFile; fileRef = C7489534285BB8750000A26F /* UpdateDataProtocol.swift */; };
		C7F21726285F761A00F6E69A /* ControllerTests.swift in Sources */ = {isa = PBXBuildFile; fileRef = C7F21725285F761A00F6E69A /* ControllerTests.swift */; };
		CCF5D164B3B7FC10876DB662 /* Pods_FileManagerApp_FileManagerAppUITests.framework in Frameworks */ = {isa = PBXBuildFile; fileRef = 58C4E87611A5DFF04E3450D8 /* Pods_FileManagerApp_FileManagerAppUITests.framework */; };
/* End PBXBuildFile section */

/* Begin PBXContainerItemProxy section */
		C71786EB2855F135009D88AC /* PBXContainerItemProxy */ = {
			isa = PBXContainerItemProxy;
			containerPortal = C71786CC2855F132009D88AC /* Project object */;
			proxyType = 1;
			remoteGlobalIDString = C71786D32855F132009D88AC;
			remoteInfo = FileManagerApp;
		};
		C71786F52855F135009D88AC /* PBXContainerItemProxy */ = {
			isa = PBXContainerItemProxy;
			containerPortal = C71786CC2855F132009D88AC /* Project object */;
			proxyType = 1;
			remoteGlobalIDString = C71786D32855F132009D88AC;
			remoteInfo = FileManagerApp;
		};
/* End PBXContainerItemProxy section */

/* Begin PBXFileReference section */
		08C465648C1FFE8E0F6264FF /* Pods-FileManagerApp-FileManagerAppUITests.release.xcconfig */ = {isa = PBXFileReference; includeInIndex = 1; lastKnownFileType = text.xcconfig; name = "Pods-FileManagerApp-FileManagerAppUITests.release.xcconfig"; path = "Target Support Files/Pods-FileManagerApp-FileManagerAppUITests/Pods-FileManagerApp-FileManagerAppUITests.release.xcconfig"; sourceTree = "<group>"; };
		2B411A4F24BD050B8B1C8483 /* Pods-FileManagerApp.release.xcconfig */ = {isa = PBXFileReference; includeInIndex = 1; lastKnownFileType = text.xcconfig; name = "Pods-FileManagerApp.release.xcconfig"; path = "Target Support Files/Pods-FileManagerApp/Pods-FileManagerApp.release.xcconfig"; sourceTree = "<group>"; };
		3C29F8E8DC687FBBCCC4BCA7 /* Pods_FileManagerAppTests.framework */ = {isa = PBXFileReference; explicitFileType = wrapper.framework; includeInIndex = 0; path = Pods_FileManagerAppTests.framework; sourceTree = BUILT_PRODUCTS_DIR; };
		58C4E87611A5DFF04E3450D8 /* Pods_FileManagerApp_FileManagerAppUITests.framework */ = {isa = PBXFileReference; explicitFileType = wrapper.framework; includeInIndex = 0; path = Pods_FileManagerApp_FileManagerAppUITests.framework; sourceTree = BUILT_PRODUCTS_DIR; };
		5F3699AA57073E24376362A5 /* Pods-FileManagerAppTests.debug.xcconfig */ = {isa = PBXFileReference; includeInIndex = 1; lastKnownFileType = text.xcconfig; name = "Pods-FileManagerAppTests.debug.xcconfig"; path = "Target Support Files/Pods-FileManagerAppTests/Pods-FileManagerAppTests.debug.xcconfig"; sourceTree = "<group>"; };
		A7ADF8AFE073120A81217AA6 /* Pods-FileManagerAppTests.release.xcconfig */ = {isa = PBXFileReference; includeInIndex = 1; lastKnownFileType = text.xcconfig; name = "Pods-FileManagerAppTests.release.xcconfig"; path = "Target Support Files/Pods-FileManagerAppTests/Pods-FileManagerAppTests.release.xcconfig"; sourceTree = "<group>"; };
		A7CE12E48B8F25E783E0917B /* Pods-FileManagerApp-FileManagerAppUITests.debug.xcconfig */ = {isa = PBXFileReference; includeInIndex = 1; lastKnownFileType = text.xcconfig; name = "Pods-FileManagerApp-FileManagerAppUITests.debug.xcconfig"; path = "Target Support Files/Pods-FileManagerApp-FileManagerAppUITests/Pods-FileManagerApp-FileManagerAppUITests.debug.xcconfig"; sourceTree = "<group>"; };
		B1C8BDCFB1820D649108798C /* Pods-FileManagerApp.debug.xcconfig */ = {isa = PBXFileReference; includeInIndex = 1; lastKnownFileType = text.xcconfig; name = "Pods-FileManagerApp.debug.xcconfig"; path = "Target Support Files/Pods-FileManagerApp/Pods-FileManagerApp.debug.xcconfig"; sourceTree = "<group>"; };
		C71786D42855F132009D88AC /* FileManagerApp.app */ = {isa = PBXFileReference; explicitFileType = wrapper.application; includeInIndex = 0; path = FileManagerApp.app; sourceTree = BUILT_PRODUCTS_DIR; };
		C71786D72855F132009D88AC /* AppDelegate.swift */ = {isa = PBXFileReference; lastKnownFileType = sourcecode.swift; path = AppDelegate.swift; sourceTree = "<group>"; };
		C71786D92855F132009D88AC /* SceneDelegate.swift */ = {isa = PBXFileReference; lastKnownFileType = sourcecode.swift; path = SceneDelegate.swift; sourceTree = "<group>"; };
		C71786DB2855F132009D88AC /* MainViewController.swift */ = {isa = PBXFileReference; lastKnownFileType = sourcecode.swift; path = MainViewController.swift; sourceTree = "<group>"; };
		C71786DE2855F132009D88AC /* Base */ = {isa = PBXFileReference; lastKnownFileType = file.storyboard; name = Base; path = Base.lproj/Main.storyboard; sourceTree = "<group>"; };
		C71786E02855F135009D88AC /* Assets.xcassets */ = {isa = PBXFileReference; lastKnownFileType = folder.assetcatalog; path = Assets.xcassets; sourceTree = "<group>"; };
		C71786E32855F135009D88AC /* Base */ = {isa = PBXFileReference; lastKnownFileType = file.storyboard; name = Base; path = Base.lproj/LaunchScreen.storyboard; sourceTree = "<group>"; };
		C71786E52855F135009D88AC /* Info.plist */ = {isa = PBXFileReference; lastKnownFileType = text.plist.xml; path = Info.plist; sourceTree = "<group>"; };
		C71786EA2855F135009D88AC /* FileManagerAppTests.xctest */ = {isa = PBXFileReference; explicitFileType = wrapper.cfbundle; includeInIndex = 0; path = FileManagerAppTests.xctest; sourceTree = BUILT_PRODUCTS_DIR; };
		C71786EE2855F135009D88AC /* FileManagerAppTests.swift */ = {isa = PBXFileReference; lastKnownFileType = sourcecode.swift; path = FileManagerAppTests.swift; sourceTree = "<group>"; };
		C71786F42855F135009D88AC /* FileManagerAppUITests.xctest */ = {isa = PBXFileReference; explicitFileType = wrapper.cfbundle; includeInIndex = 0; path = FileManagerAppUITests.xctest; sourceTree = BUILT_PRODUCTS_DIR; };
		C71786F82855F135009D88AC /* FileManagerAppUITests.swift */ = {isa = PBXFileReference; lastKnownFileType = sourcecode.swift; path = FileManagerAppUITests.swift; sourceTree = "<group>"; };
		C71786FA2855F135009D88AC /* FileManagerAppUITestsLaunchTests.swift */ = {isa = PBXFileReference; lastKnownFileType = sourcecode.swift; path = FileManagerAppUITestsLaunchTests.swift; sourceTree = "<group>"; };
		C7178707285671BC009D88AC /* CustomCollectionViewFlowLayout.swift */ = {isa = PBXFileReference; lastKnownFileType = sourcecode.swift; path = CustomCollectionViewFlowLayout.swift; sourceTree = "<group>"; };
		C717870E28567F9E009D88AC /* Constants.swift */ = {isa = PBXFileReference; lastKnownFileType = sourcecode.swift; path = Constants.swift; sourceTree = "<group>"; };
		C717871028568039009D88AC /* FetchAPI.swift */ = {isa = PBXFileReference; lastKnownFileType = sourcecode.swift; path = FetchAPI.swift; sourceTree = "<group>"; };
		C717871228568163009D88AC /* SpreadSheetModel.swift */ = {isa = PBXFileReference; lastKnownFileType = sourcecode.swift; path = SpreadSheetModel.swift; sourceTree = "<group>"; };
		C7178714285681C5009D88AC /* FileModel.swift */ = {isa = PBXFileReference; lastKnownFileType = sourcecode.swift; path = FileModel.swift; sourceTree = "<group>"; };
		C7178716285682E0009D88AC /* GridCollectionViewCell.swift */ = {isa = PBXFileReference; lastKnownFileType = sourcecode.swift; path = GridCollectionViewCell.swift; sourceTree = "<group>"; };
		C7178717285682E0009D88AC /* GridCollectionViewCell.xib */ = {isa = PBXFileReference; lastKnownFileType = file.xib; path = GridCollectionViewCell.xib; sourceTree = "<group>"; };
		C717871B28568C44009D88AC /* ListCollectionViewCell.swift */ = {isa = PBXFileReference; lastKnownFileType = sourcecode.swift; path = ListCollectionViewCell.swift; sourceTree = "<group>"; };
		C717871C28568C44009D88AC /* ListCollectionViewCell.xib */ = {isa = PBXFileReference; lastKnownFileType = file.xib; path = ListCollectionViewCell.xib; sourceTree = "<group>"; };
		C717872E285A3FAE009D88AC /* ChildViewController.swift */ = {isa = PBXFileReference; lastKnownFileType = sourcecode.swift; path = ChildViewController.swift; sourceTree = "<group>"; };
		C7489534285BB8750000A26F /* UpdateDataProtocol.swift */ = {isa = PBXFileReference; lastKnownFileType = sourcecode.swift; path = UpdateDataProtocol.swift; sourceTree = "<group>"; };
		C7F21725285F761A00F6E69A /* ControllerTests.swift */ = {isa = PBXFileReference; lastKnownFileType = sourcecode.swift; path = ControllerTests.swift; sourceTree = "<group>"; };
		C81327EAF0464DDDEEFF215D /* Pods_FileManagerApp.framework */ = {isa = PBXFileReference; explicitFileType = wrapper.framework; includeInIndex = 0; path = Pods_FileManagerApp.framework; sourceTree = BUILT_PRODUCTS_DIR; };
/* End PBXFileReference section */

/* Begin PBXFrameworksBuildPhase section */
		C71786D12855F132009D88AC /* Frameworks */ = {
			isa = PBXFrameworksBuildPhase;
			buildActionMask = 2147483647;
			files = (
				778B2CCB928C9AF1D43CC6E1 /* Pods_FileManagerApp.framework in Frameworks */,
				C717872128577671009D88AC /* Alamofire in Frameworks */,
			);
			runOnlyForDeploymentPostprocessing = 0;
		};
		C71786E72855F135009D88AC /* Frameworks */ = {
			isa = PBXFrameworksBuildPhase;
			buildActionMask = 2147483647;
			files = (
				1D3746CEE6B2DEBA07DE2867 /* Pods_FileManagerAppTests.framework in Frameworks */,
			);
			runOnlyForDeploymentPostprocessing = 0;
		};
		C71786F12855F135009D88AC /* Frameworks */ = {
			isa = PBXFrameworksBuildPhase;
			buildActionMask = 2147483647;
			files = (
				CCF5D164B3B7FC10876DB662 /* Pods_FileManagerApp_FileManagerAppUITests.framework in Frameworks */,
			);
			runOnlyForDeploymentPostprocessing = 0;
		};
/* End PBXFrameworksBuildPhase section */

/* Begin PBXGroup section */
		4C870381095A5E79CD46FDD2 /* Frameworks */ = {
			isa = PBXGroup;
			children = (
				C81327EAF0464DDDEEFF215D /* Pods_FileManagerApp.framework */,
				58C4E87611A5DFF04E3450D8 /* Pods_FileManagerApp_FileManagerAppUITests.framework */,
				3C29F8E8DC687FBBCCC4BCA7 /* Pods_FileManagerAppTests.framework */,
			);
			name = Frameworks;
			sourceTree = "<group>";
		};
		C71786CB2855F132009D88AC = {
			isa = PBXGroup;
			children = (
				C71786D62855F132009D88AC /* FileManagerApp */,
				C71786ED2855F135009D88AC /* FileManagerAppTests */,
				C71786F72855F135009D88AC /* FileManagerAppUITests */,
				C71786D52855F132009D88AC /* Products */,
				C806FEAEB21DD2218CE46D59 /* Pods */,
				4C870381095A5E79CD46FDD2 /* Frameworks */,
			);
			sourceTree = "<group>";
		};
		C71786D52855F132009D88AC /* Products */ = {
			isa = PBXGroup;
			children = (
				C71786D42855F132009D88AC /* FileManagerApp.app */,
				C71786EA2855F135009D88AC /* FileManagerAppTests.xctest */,
				C71786F42855F135009D88AC /* FileManagerAppUITests.xctest */,
			);
			name = Products;
			sourceTree = "<group>";
		};
		C71786D62855F132009D88AC /* FileManagerApp */ = {
			isa = PBXGroup;
			children = (
				C717870928567E9C009D88AC /* Application */,
				C717870A28567ED8009D88AC /* Models */,
				C717870D28567F81009D88AC /* Global */,
				C717870C28567F29009D88AC /* Controllers */,
				C717870B28567F13009D88AC /* ViewModels */,
				C717871A285682F7009D88AC /* Views */,
				C7178732285A6915009D88AC /* SupportFiles */,
				C71786E52855F135009D88AC /* Info.plist */,
			);
			path = FileManagerApp;
			sourceTree = "<group>";
		};
		C71786ED2855F135009D88AC /* FileManagerAppTests */ = {
			isa = PBXGroup;
			children = (
				C71786EE2855F135009D88AC /* FileManagerAppTests.swift */,
				C7F21725285F761A00F6E69A /* ControllerTests.swift */,
			);
			path = FileManagerAppTests;
			sourceTree = "<group>";
		};
		C71786F72855F135009D88AC /* FileManagerAppUITests */ = {
			isa = PBXGroup;
			children = (
				C71786F82855F135009D88AC /* FileManagerAppUITests.swift */,
				C71786FA2855F135009D88AC /* FileManagerAppUITestsLaunchTests.swift */,
			);
			path = FileManagerAppUITests;
			sourceTree = "<group>";
		};
		C717870928567E9C009D88AC /* Application */ = {
			isa = PBXGroup;
			children = (
				C71786D72855F132009D88AC /* AppDelegate.swift */,
				C71786D92855F132009D88AC /* SceneDelegate.swift */,
			);
			path = Application;
			sourceTree = "<group>";
		};
		C717870A28567ED8009D88AC /* Models */ = {
			isa = PBXGroup;
			children = (
				C717871228568163009D88AC /* SpreadSheetModel.swift */,
				C7178714285681C5009D88AC /* FileModel.swift */,
				C7489534285BB8750000A26F /* UpdateDataProtocol.swift */,
			);
			path = Models;
			sourceTree = "<group>";
		};
		C717870B28567F13009D88AC /* ViewModels */ = {
			isa = PBXGroup;
			children = (
				C7178707285671BC009D88AC /* CustomCollectionViewFlowLayout.swift */,
				C7178716285682E0009D88AC /* GridCollectionViewCell.swift */,
				C717871B28568C44009D88AC /* ListCollectionViewCell.swift */,
			);
			path = ViewModels;
			sourceTree = "<group>";
		};
		C717870C28567F29009D88AC /* Controllers */ = {
			isa = PBXGroup;
			children = (
				C71786DB2855F132009D88AC /* MainViewController.swift */,
				C717872E285A3FAE009D88AC /* ChildViewController.swift */,
			);
			path = Controllers;
			sourceTree = "<group>";
		};
		C717870D28567F81009D88AC /* Global */ = {
			isa = PBXGroup;
			children = (
				C717870E28567F9E009D88AC /* Constants.swift */,
				C717871028568039009D88AC /* FetchAPI.swift */,
			);
			path = Global;
			sourceTree = "<group>";
		};
		C717871A285682F7009D88AC /* Views */ = {
			isa = PBXGroup;
			children = (
				C71786DD2855F132009D88AC /* Main.storyboard */,
				C7178717285682E0009D88AC /* GridCollectionViewCell.xib */,
				C717871C28568C44009D88AC /* ListCollectionViewCell.xib */,
				C71786E22855F135009D88AC /* LaunchScreen.storyboard */,
			);
			path = Views;
			sourceTree = "<group>";
		};
		C7178732285A6915009D88AC /* SupportFiles */ = {
			isa = PBXGroup;
			children = (
				C71786E02855F135009D88AC /* Assets.xcassets */,
			);
			path = SupportFiles;
			sourceTree = "<group>";
		};
		C806FEAEB21DD2218CE46D59 /* Pods */ = {
			isa = PBXGroup;
			children = (
				B1C8BDCFB1820D649108798C /* Pods-FileManagerApp.debug.xcconfig */,
				2B411A4F24BD050B8B1C8483 /* Pods-FileManagerApp.release.xcconfig */,
				A7CE12E48B8F25E783E0917B /* Pods-FileManagerApp-FileManagerAppUITests.debug.xcconfig */,
				08C465648C1FFE8E0F6264FF /* Pods-FileManagerApp-FileManagerAppUITests.release.xcconfig */,
				5F3699AA57073E24376362A5 /* Pods-FileManagerAppTests.debug.xcconfig */,
				A7ADF8AFE073120A81217AA6 /* Pods-FileManagerAppTests.release.xcconfig */,
			);
			path = Pods;
			sourceTree = "<group>";
		};
/* End PBXGroup section */

/* Begin PBXNativeTarget section */
		C71786D32855F132009D88AC /* FileManagerApp */ = {
			isa = PBXNativeTarget;
			buildConfigurationList = C71786FE2855F135009D88AC /* Build configuration list for PBXNativeTarget "FileManagerApp" */;
			buildPhases = (
				70B67BD4CCBDF5A34B0E451D /* [CP] Check Pods Manifest.lock */,
				C71786D02855F132009D88AC /* Sources */,
				C71786D12855F132009D88AC /* Frameworks */,
				C71786D22855F132009D88AC /* Resources */,
			);
			buildRules = (
			);
			dependencies = (
			);
			name = FileManagerApp;
			packageProductDependencies = (
				C717872028577671009D88AC /* Alamofire */,
			);
			productName = FileManagerApp;
			productReference = C71786D42855F132009D88AC /* FileManagerApp.app */;
			productType = "com.apple.product-type.application";
		};
		C71786E92855F135009D88AC /* FileManagerAppTests */ = {
			isa = PBXNativeTarget;
			buildConfigurationList = C71787012855F135009D88AC /* Build configuration list for PBXNativeTarget "FileManagerAppTests" */;
			buildPhases = (
				C88E007CDD7CD519CA83D434 /* [CP] Check Pods Manifest.lock */,
				C71786E62855F135009D88AC /* Sources */,
				C71786E72855F135009D88AC /* Frameworks */,
				C71786E82855F135009D88AC /* Resources */,
			);
			buildRules = (
			);
			dependencies = (
				C71786EC2855F135009D88AC /* PBXTargetDependency */,
			);
			name = FileManagerAppTests;
			productName = FileManagerAppTests;
			productReference = C71786EA2855F135009D88AC /* FileManagerAppTests.xctest */;
			productType = "com.apple.product-type.bundle.unit-test";
		};
		C71786F32855F135009D88AC /* FileManagerAppUITests */ = {
			isa = PBXNativeTarget;
			buildConfigurationList = C71787042855F135009D88AC /* Build configuration list for PBXNativeTarget "FileManagerAppUITests" */;
			buildPhases = (
				CBF400983CB4F44732D18A35 /* [CP] Check Pods Manifest.lock */,
				C71786F02855F135009D88AC /* Sources */,
				C71786F12855F135009D88AC /* Frameworks */,
				C71786F22855F135009D88AC /* Resources */,
				098849BC08A7D6E2D4F84F10 /* [CP] Embed Pods Frameworks */,
			);
			buildRules = (
			);
			dependencies = (
				C71786F62855F135009D88AC /* PBXTargetDependency */,
			);
			name = FileManagerAppUITests;
			productName = FileManagerAppUITests;
			productReference = C71786F42855F135009D88AC /* FileManagerAppUITests.xctest */;
			productType = "com.apple.product-type.bundle.ui-testing";
		};
/* End PBXNativeTarget section */

/* Begin PBXProject section */
		C71786CC2855F132009D88AC /* Project object */ = {
			isa = PBXProject;
			attributes = {
				BuildIndependentTargetsInParallel = 1;
				LastSwiftUpdateCheck = 1340;
				LastUpgradeCheck = 1340;
				TargetAttributes = {
					C71786D32855F132009D88AC = {
						CreatedOnToolsVersion = 13.4.1;
					};
					C71786E92855F135009D88AC = {
						CreatedOnToolsVersion = 13.4.1;
						TestTargetID = C71786D32855F132009D88AC;
					};
					C71786F32855F135009D88AC = {
						CreatedOnToolsVersion = 13.4.1;
						TestTargetID = C71786D32855F132009D88AC;
					};
				};
			};
			buildConfigurationList = C71786CF2855F132009D88AC /* Build configuration list for PBXProject "FileManagerApp" */;
			compatibilityVersion = "Xcode 13.0";
			developmentRegion = en;
			hasScannedForEncodings = 0;
			knownRegions = (
				en,
				Base,
			);
			mainGroup = C71786CB2855F132009D88AC;
			packageReferences = (
				C717871F28577671009D88AC /* XCRemoteSwiftPackageReference "Alamofire" */,
			);
			productRefGroup = C71786D52855F132009D88AC /* Products */;
			projectDirPath = "";
			projectRoot = "";
			targets = (
				C71786D32855F132009D88AC /* FileManagerApp */,
				C71786E92855F135009D88AC /* FileManagerAppTests */,
				C71786F32855F135009D88AC /* FileManagerAppUITests */,
			);
		};
/* End PBXProject section */

/* Begin PBXResourcesBuildPhase section */
		C71786D22855F132009D88AC /* Resources */ = {
			isa = PBXResourcesBuildPhase;
			buildActionMask = 2147483647;
			files = (
				C717871E28568C44009D88AC /* ListCollectionViewCell.xib in Resources */,
				C71786E42855F135009D88AC /* LaunchScreen.storyboard in Resources */,
				C71786E12855F135009D88AC /* Assets.xcassets in Resources */,
				C7178719285682E0009D88AC /* GridCollectionViewCell.xib in Resources */,
				C71786DF2855F132009D88AC /* Main.storyboard in Resources */,
			);
			runOnlyForDeploymentPostprocessing = 0;
		};
		C71786E82855F135009D88AC /* Resources */ = {
			isa = PBXResourcesBuildPhase;
			buildActionMask = 2147483647;
			files = (
			);
			runOnlyForDeploymentPostprocessing = 0;
		};
		C71786F22855F135009D88AC /* Resources */ = {
			isa = PBXResourcesBuildPhase;
			buildActionMask = 2147483647;
			files = (
			);
			runOnlyForDeploymentPostprocessing = 0;
		};
/* End PBXResourcesBuildPhase section */

/* Begin PBXShellScriptBuildPhase section */
		098849BC08A7D6E2D4F84F10 /* [CP] Embed Pods Frameworks */ = {
			isa = PBXShellScriptBuildPhase;
			buildActionMask = 2147483647;
			files = (
			);
			inputFileListPaths = (
				"${PODS_ROOT}/Target Support Files/Pods-FileManagerApp-FileManagerAppUITests/Pods-FileManagerApp-FileManagerAppUITests-frameworks-${CONFIGURATION}-input-files.xcfilelist",
			);
			name = "[CP] Embed Pods Frameworks";
			outputFileListPaths = (
				"${PODS_ROOT}/Target Support Files/Pods-FileManagerApp-FileManagerAppUITests/Pods-FileManagerApp-FileManagerAppUITests-frameworks-${CONFIGURATION}-output-files.xcfilelist",
			);
			runOnlyForDeploymentPostprocessing = 0;
			shellPath = /bin/sh;
			shellScript = "\"${PODS_ROOT}/Target Support Files/Pods-FileManagerApp-FileManagerAppUITests/Pods-FileManagerApp-FileManagerAppUITests-frameworks.sh\"\n";
			showEnvVarsInLog = 0;
		};
		70B67BD4CCBDF5A34B0E451D /* [CP] Check Pods Manifest.lock */ = {
			isa = PBXShellScriptBuildPhase;
			buildActionMask = 2147483647;
			files = (
			);
			inputFileListPaths = (
			);
			inputPaths = (
				"${PODS_PODFILE_DIR_PATH}/Podfile.lock",
				"${PODS_ROOT}/Manifest.lock",
			);
			name = "[CP] Check Pods Manifest.lock";
			outputFileListPaths = (
			);
			outputPaths = (
				"$(DERIVED_FILE_DIR)/Pods-FileManagerApp-checkManifestLockResult.txt",
			);
			runOnlyForDeploymentPostprocessing = 0;
			shellPath = /bin/sh;
			shellScript = "diff \"${PODS_PODFILE_DIR_PATH}/Podfile.lock\" \"${PODS_ROOT}/Manifest.lock\" > /dev/null\nif [ $? != 0 ] ; then\n    # print error to STDERR\n    echo \"error: The sandbox is not in sync with the Podfile.lock. Run 'pod install' or update your CocoaPods installation.\" >&2\n    exit 1\nfi\n# This output is used by Xcode 'outputs' to avoid re-running this script phase.\necho \"SUCCESS\" > \"${SCRIPT_OUTPUT_FILE_0}\"\n";
			showEnvVarsInLog = 0;
		};
		C88E007CDD7CD519CA83D434 /* [CP] Check Pods Manifest.lock */ = {
			isa = PBXShellScriptBuildPhase;
			buildActionMask = 2147483647;
			files = (
			);
			inputFileListPaths = (
			);
			inputPaths = (
				"${PODS_PODFILE_DIR_PATH}/Podfile.lock",
				"${PODS_ROOT}/Manifest.lock",
			);
			name = "[CP] Check Pods Manifest.lock";
			outputFileListPaths = (
			);
			outputPaths = (
				"$(DERIVED_FILE_DIR)/Pods-FileManagerAppTests-checkManifestLockResult.txt",
			);
			runOnlyForDeploymentPostprocessing = 0;
			shellPath = /bin/sh;
			shellScript = "diff \"${PODS_PODFILE_DIR_PATH}/Podfile.lock\" \"${PODS_ROOT}/Manifest.lock\" > /dev/null\nif [ $? != 0 ] ; then\n    # print error to STDERR\n    echo \"error: The sandbox is not in sync with the Podfile.lock. Run 'pod install' or update your CocoaPods installation.\" >&2\n    exit 1\nfi\n# This output is used by Xcode 'outputs' to avoid re-running this script phase.\necho \"SUCCESS\" > \"${SCRIPT_OUTPUT_FILE_0}\"\n";
			showEnvVarsInLog = 0;
		};
		CBF400983CB4F44732D18A35 /* [CP] Check Pods Manifest.lock */ = {
			isa = PBXShellScriptBuildPhase;
			buildActionMask = 2147483647;
			files = (
			);
			inputFileListPaths = (
			);
			inputPaths = (
				"${PODS_PODFILE_DIR_PATH}/Podfile.lock",
				"${PODS_ROOT}/Manifest.lock",
			);
			name = "[CP] Check Pods Manifest.lock";
			outputFileListPaths = (
			);
			outputPaths = (
				"$(DERIVED_FILE_DIR)/Pods-FileManagerApp-FileManagerAppUITests-checkManifestLockResult.txt",
			);
			runOnlyForDeploymentPostprocessing = 0;
			shellPath = /bin/sh;
			shellScript = "diff \"${PODS_PODFILE_DIR_PATH}/Podfile.lock\" \"${PODS_ROOT}/Manifest.lock\" > /dev/null\nif [ $? != 0 ] ; then\n    # print error to STDERR\n    echo \"error: The sandbox is not in sync with the Podfile.lock. Run 'pod install' or update your CocoaPods installation.\" >&2\n    exit 1\nfi\n# This output is used by Xcode 'outputs' to avoid re-running this script phase.\necho \"SUCCESS\" > \"${SCRIPT_OUTPUT_FILE_0}\"\n";
			showEnvVarsInLog = 0;
		};
/* End PBXShellScriptBuildPhase section */

/* Begin PBXSourcesBuildPhase section */
		C71786D02855F132009D88AC /* Sources */ = {
			isa = PBXSourcesBuildPhase;
			buildActionMask = 2147483647;
			files = (
				C717872F285A3FAE009D88AC /* ChildViewController.swift in Sources */,
				C717870F28567F9E009D88AC /* Constants.swift in Sources */,
				C71786DC2855F132009D88AC /* MainViewController.swift in Sources */,
				C71786D82855F132009D88AC /* AppDelegate.swift in Sources */,
				C717871328568163009D88AC /* SpreadSheetModel.swift in Sources */,
				C7178718285682E0009D88AC /* GridCollectionViewCell.swift in Sources */,
				C717871128568039009D88AC /* FetchAPI.swift in Sources */,
				C717871D28568C44009D88AC /* ListCollectionViewCell.swift in Sources */,
				C7178715285681C5009D88AC /* FileModel.swift in Sources */,
				C71786DA2855F132009D88AC /* SceneDelegate.swift in Sources */,
				C7489535285BB8750000A26F /* UpdateDataProtocol.swift in Sources */,
				C7178708285671BC009D88AC /* CustomCollectionViewFlowLayout.swift in Sources */,
			);
			runOnlyForDeploymentPostprocessing = 0;
		};
		C71786E62855F135009D88AC /* Sources */ = {
			isa = PBXSourcesBuildPhase;
			buildActionMask = 2147483647;
			files = (
				C71786EF2855F135009D88AC /* FileManagerAppTests.swift in Sources */,
				C7F21726285F761A00F6E69A /* ControllerTests.swift in Sources */,
			);
			runOnlyForDeploymentPostprocessing = 0;
		};
		C71786F02855F135009D88AC /* Sources */ = {
			isa = PBXSourcesBuildPhase;
			buildActionMask = 2147483647;
			files = (
				C71786FB2855F135009D88AC /* FileManagerAppUITestsLaunchTests.swift in Sources */,
				C71786F92855F135009D88AC /* FileManagerAppUITests.swift in Sources */,
			);
			runOnlyForDeploymentPostprocessing = 0;
		};
/* End PBXSourcesBuildPhase section */

/* Begin PBXTargetDependency section */
		C71786EC2855F135009D88AC /* PBXTargetDependency */ = {
			isa = PBXTargetDependency;
			target = C71786D32855F132009D88AC /* FileManagerApp */;
			targetProxy = C71786EB2855F135009D88AC /* PBXContainerItemProxy */;
		};
		C71786F62855F135009D88AC /* PBXTargetDependency */ = {
			isa = PBXTargetDependency;
			target = C71786D32855F132009D88AC /* FileManagerApp */;
			targetProxy = C71786F52855F135009D88AC /* PBXContainerItemProxy */;
		};
/* End PBXTargetDependency section */

/* Begin PBXVariantGroup section */
		C71786DD2855F132009D88AC /* Main.storyboard */ = {
			isa = PBXVariantGroup;
			children = (
				C71786DE2855F132009D88AC /* Base */,
			);
			name = Main.storyboard;
			sourceTree = "<group>";
		};
		C71786E22855F135009D88AC /* LaunchScreen.storyboard */ = {
			isa = PBXVariantGroup;
			children = (
				C71786E32855F135009D88AC /* Base */,
			);
			name = LaunchScreen.storyboard;
			sourceTree = "<group>";
		};
/* End PBXVariantGroup section */

/* Begin XCBuildConfiguration section */
		C71786FC2855F135009D88AC /* Debug */ = {
			isa = XCBuildConfiguration;
			buildSettings = {
				ALWAYS_SEARCH_USER_PATHS = NO;
				CLANG_ANALYZER_NONNULL = YES;
				CLANG_ANALYZER_NUMBER_OBJECT_CONVERSION = YES_AGGRESSIVE;
				CLANG_CXX_LANGUAGE_STANDARD = "gnu++17";
				CLANG_ENABLE_MODULES = YES;
				CLANG_ENABLE_OBJC_ARC = YES;
				CLANG_ENABLE_OBJC_WEAK = YES;
				CLANG_WARN_BLOCK_CAPTURE_AUTORELEASING = YES;
				CLANG_WARN_BOOL_CONVERSION = YES;
				CLANG_WARN_COMMA = YES;
				CLANG_WARN_CONSTANT_CONVERSION = YES;
				CLANG_WARN_DEPRECATED_OBJC_IMPLEMENTATIONS = YES;
				CLANG_WARN_DIRECT_OBJC_ISA_USAGE = YES_ERROR;
				CLANG_WARN_DOCUMENTATION_COMMENTS = YES;
				CLANG_WARN_EMPTY_BODY = YES;
				CLANG_WARN_ENUM_CONVERSION = YES;
				CLANG_WARN_INFINITE_RECURSION = YES;
				CLANG_WARN_INT_CONVERSION = YES;
				CLANG_WARN_NON_LITERAL_NULL_CONVERSION = YES;
				CLANG_WARN_OBJC_IMPLICIT_RETAIN_SELF = YES;
				CLANG_WARN_OBJC_LITERAL_CONVERSION = YES;
				CLANG_WARN_OBJC_ROOT_CLASS = YES_ERROR;
				CLANG_WARN_QUOTED_INCLUDE_IN_FRAMEWORK_HEADER = YES;
				CLANG_WARN_RANGE_LOOP_ANALYSIS = YES;
				CLANG_WARN_STRICT_PROTOTYPES = YES;
				CLANG_WARN_SUSPICIOUS_MOVE = YES;
				CLANG_WARN_UNGUARDED_AVAILABILITY = YES_AGGRESSIVE;
				CLANG_WARN_UNREACHABLE_CODE = YES;
				CLANG_WARN__DUPLICATE_METHOD_MATCH = YES;
				COPY_PHASE_STRIP = NO;
				DEBUG_INFORMATION_FORMAT = dwarf;
				ENABLE_STRICT_OBJC_MSGSEND = YES;
				ENABLE_TESTABILITY = YES;
				GCC_C_LANGUAGE_STANDARD = gnu11;
				GCC_DYNAMIC_NO_PIC = NO;
				GCC_NO_COMMON_BLOCKS = YES;
				GCC_OPTIMIZATION_LEVEL = 0;
				GCC_PREPROCESSOR_DEFINITIONS = (
					"DEBUG=1",
					"$(inherited)",
				);
				GCC_WARN_64_TO_32_BIT_CONVERSION = YES;
				GCC_WARN_ABOUT_RETURN_TYPE = YES_ERROR;
				GCC_WARN_UNDECLARED_SELECTOR = YES;
				GCC_WARN_UNINITIALIZED_AUTOS = YES_AGGRESSIVE;
				GCC_WARN_UNUSED_FUNCTION = YES;
				GCC_WARN_UNUSED_VARIABLE = YES;
				IPHONEOS_DEPLOYMENT_TARGET = 15.5;
				MTL_ENABLE_DEBUG_INFO = INCLUDE_SOURCE;
				MTL_FAST_MATH = YES;
				ONLY_ACTIVE_ARCH = YES;
				SDKROOT = iphoneos;
				SWIFT_ACTIVE_COMPILATION_CONDITIONS = DEBUG;
				SWIFT_OPTIMIZATION_LEVEL = "-Onone";
			};
			name = Debug;
		};
		C71786FD2855F135009D88AC /* Release */ = {
			isa = XCBuildConfiguration;
			buildSettings = {
				ALWAYS_SEARCH_USER_PATHS = NO;
				CLANG_ANALYZER_NONNULL = YES;
				CLANG_ANALYZER_NUMBER_OBJECT_CONVERSION = YES_AGGRESSIVE;
				CLANG_CXX_LANGUAGE_STANDARD = "gnu++17";
				CLANG_ENABLE_MODULES = YES;
				CLANG_ENABLE_OBJC_ARC = YES;
				CLANG_ENABLE_OBJC_WEAK = YES;
				CLANG_WARN_BLOCK_CAPTURE_AUTORELEASING = YES;
				CLANG_WARN_BOOL_CONVERSION = YES;
				CLANG_WARN_COMMA = YES;
				CLANG_WARN_CONSTANT_CONVERSION = YES;
				CLANG_WARN_DEPRECATED_OBJC_IMPLEMENTATIONS = YES;
				CLANG_WARN_DIRECT_OBJC_ISA_USAGE = YES_ERROR;
				CLANG_WARN_DOCUMENTATION_COMMENTS = YES;
				CLANG_WARN_EMPTY_BODY = YES;
				CLANG_WARN_ENUM_CONVERSION = YES;
				CLANG_WARN_INFINITE_RECURSION = YES;
				CLANG_WARN_INT_CONVERSION = YES;
				CLANG_WARN_NON_LITERAL_NULL_CONVERSION = YES;
				CLANG_WARN_OBJC_IMPLICIT_RETAIN_SELF = YES;
				CLANG_WARN_OBJC_LITERAL_CONVERSION = YES;
				CLANG_WARN_OBJC_ROOT_CLASS = YES_ERROR;
				CLANG_WARN_QUOTED_INCLUDE_IN_FRAMEWORK_HEADER = YES;
				CLANG_WARN_RANGE_LOOP_ANALYSIS = YES;
				CLANG_WARN_STRICT_PROTOTYPES = YES;
				CLANG_WARN_SUSPICIOUS_MOVE = YES;
				CLANG_WARN_UNGUARDED_AVAILABILITY = YES_AGGRESSIVE;
				CLANG_WARN_UNREACHABLE_CODE = YES;
				CLANG_WARN__DUPLICATE_METHOD_MATCH = YES;
				COPY_PHASE_STRIP = NO;
				DEBUG_INFORMATION_FORMAT = "dwarf-with-dsym";
				ENABLE_NS_ASSERTIONS = NO;
				ENABLE_STRICT_OBJC_MSGSEND = YES;
				GCC_C_LANGUAGE_STANDARD = gnu11;
				GCC_NO_COMMON_BLOCKS = YES;
				GCC_WARN_64_TO_32_BIT_CONVERSION = YES;
				GCC_WARN_ABOUT_RETURN_TYPE = YES_ERROR;
				GCC_WARN_UNDECLARED_SELECTOR = YES;
				GCC_WARN_UNINITIALIZED_AUTOS = YES_AGGRESSIVE;
				GCC_WARN_UNUSED_FUNCTION = YES;
				GCC_WARN_UNUSED_VARIABLE = YES;
				IPHONEOS_DEPLOYMENT_TARGET = 15.5;
				MTL_ENABLE_DEBUG_INFO = NO;
				MTL_FAST_MATH = YES;
				SDKROOT = iphoneos;
				SWIFT_COMPILATION_MODE = wholemodule;
				SWIFT_OPTIMIZATION_LEVEL = "-O";
				VALIDATE_PRODUCT = YES;
			};
			name = Release;
		};
		C71786FF2855F135009D88AC /* Debug */ = {
			isa = XCBuildConfiguration;
			baseConfigurationReference = B1C8BDCFB1820D649108798C /* Pods-FileManagerApp.debug.xcconfig */;
			buildSettings = {
				ASSETCATALOG_COMPILER_APPICON_NAME = AppIcon;
				ASSETCATALOG_COMPILER_GLOBAL_ACCENT_COLOR_NAME = AccentColor;
				CODE_SIGN_STYLE = Automatic;
				CURRENT_PROJECT_VERSION = 1;
				DEVELOPMENT_TEAM = WL843Y6GAK;
				GENERATE_INFOPLIST_FILE = YES;
				INFOPLIST_FILE = FileManagerApp/Info.plist;
				INFOPLIST_KEY_UIApplicationSupportsIndirectInputEvents = YES;
				INFOPLIST_KEY_UILaunchStoryboardName = LaunchScreen;
				INFOPLIST_KEY_UIMainStoryboardFile = Main;
				INFOPLIST_KEY_UISupportedInterfaceOrientations_iPad = "UIInterfaceOrientationPortrait UIInterfaceOrientationPortraitUpsideDown UIInterfaceOrientationLandscapeLeft UIInterfaceOrientationLandscapeRight";
				INFOPLIST_KEY_UISupportedInterfaceOrientations_iPhone = "UIInterfaceOrientationPortrait UIInterfaceOrientationLandscapeLeft UIInterfaceOrientationLandscapeRight";
				LD_RUNPATH_SEARCH_PATHS = (
					"$(inherited)",
					"@executable_path/Frameworks",
				);
				MARKETING_VERSION = 1.0;
				PRODUCT_BUNDLE_IDENTIFIER = com.albondarchuk.FileManagerApp;
				PRODUCT_NAME = "$(TARGET_NAME)";
				SWIFT_EMIT_LOC_STRINGS = YES;
				SWIFT_VERSION = 5.0;
				TARGETED_DEVICE_FAMILY = "1,2";
			};
			name = Debug;
		};
		C71787002855F135009D88AC /* Release */ = {
			isa = XCBuildConfiguration;
			baseConfigurationReference = 2B411A4F24BD050B8B1C8483 /* Pods-FileManagerApp.release.xcconfig */;
			buildSettings = {
				ASSETCATALOG_COMPILER_APPICON_NAME = AppIcon;
				ASSETCATALOG_COMPILER_GLOBAL_ACCENT_COLOR_NAME = AccentColor;
				CODE_SIGN_STYLE = Automatic;
				CURRENT_PROJECT_VERSION = 1;
				DEVELOPMENT_TEAM = WL843Y6GAK;
				GENERATE_INFOPLIST_FILE = YES;
				INFOPLIST_FILE = FileManagerApp/Info.plist;
				INFOPLIST_KEY_UIApplicationSupportsIndirectInputEvents = YES;
				INFOPLIST_KEY_UILaunchStoryboardName = LaunchScreen;
				INFOPLIST_KEY_UIMainStoryboardFile = Main;
				INFOPLIST_KEY_UISupportedInterfaceOrientations_iPad = "UIInterfaceOrientationPortrait UIInterfaceOrientationPortraitUpsideDown UIInterfaceOrientationLandscapeLeft UIInterfaceOrientationLandscapeRight";
				INFOPLIST_KEY_UISupportedInterfaceOrientations_iPhone = "UIInterfaceOrientationPortrait UIInterfaceOrientationLandscapeLeft UIInterfaceOrientationLandscapeRight";
				LD_RUNPATH_SEARCH_PATHS = (
					"$(inherited)",
					"@executable_path/Frameworks",
				);
				MARKETING_VERSION = 1.0;
				PRODUCT_BUNDLE_IDENTIFIER = com.albondarchuk.FileManagerApp;
				PRODUCT_NAME = "$(TARGET_NAME)";
				SWIFT_EMIT_LOC_STRINGS = YES;
				SWIFT_VERSION = 5.0;
				TARGETED_DEVICE_FAMILY = "1,2";
			};
			name = Release;
		};
		C71787022855F135009D88AC /* Debug */ = {
			isa = XCBuildConfiguration;
			baseConfigurationReference = 5F3699AA57073E24376362A5 /* Pods-FileManagerAppTests.debug.xcconfig */;
			buildSettings = {
				ALWAYS_EMBED_SWIFT_STANDARD_LIBRARIES = YES;
				BUNDLE_LOADER = "$(TEST_HOST)";
				CODE_SIGN_STYLE = Automatic;
				CURRENT_PROJECT_VERSION = 1;
				DEVELOPMENT_TEAM = WL843Y6GAK;
				GENERATE_INFOPLIST_FILE = YES;
				IPHONEOS_DEPLOYMENT_TARGET = 15.5;
				MARKETING_VERSION = 1.0;
				PRODUCT_BUNDLE_IDENTIFIER = com.albondarchuk.FileManagerAppTests;
				PRODUCT_NAME = "$(TARGET_NAME)";
				SWIFT_EMIT_LOC_STRINGS = NO;
				SWIFT_VERSION = 5.0;
				TARGETED_DEVICE_FAMILY = "1,2";
				TEST_HOST = "$(BUILT_PRODUCTS_DIR)/FileManagerApp.app/FileManagerApp";
			};
			name = Debug;
		};
		C71787032855F135009D88AC /* Release */ = {
			isa = XCBuildConfiguration;
			baseConfigurationReference = A7ADF8AFE073120A81217AA6 /* Pods-FileManagerAppTests.release.xcconfig */;
			buildSettings = {
				ALWAYS_EMBED_SWIFT_STANDARD_LIBRARIES = YES;
				BUNDLE_LOADER = "$(TEST_HOST)";
				CODE_SIGN_STYLE = Automatic;
				CURRENT_PROJECT_VERSION = 1;
				DEVELOPMENT_TEAM = WL843Y6GAK;
				GENERATE_INFOPLIST_FILE = YES;
				IPHONEOS_DEPLOYMENT_TARGET = 15.5;
				MARKETING_VERSION = 1.0;
				PRODUCT_BUNDLE_IDENTIFIER = com.albondarchuk.FileManagerAppTests;
				PRODUCT_NAME = "$(TARGET_NAME)";
				SWIFT_EMIT_LOC_STRINGS = NO;
				SWIFT_VERSION = 5.0;
				TARGETED_DEVICE_FAMILY = "1,2";
				TEST_HOST = "$(BUILT_PRODUCTS_DIR)/FileManagerApp.app/FileManagerApp";
			};
			name = Release;
		};
		C71787052855F135009D88AC /* Debug */ = {
			isa = XCBuildConfiguration;
			baseConfigurationReference = A7CE12E48B8F25E783E0917B /* Pods-FileManagerApp-FileManagerAppUITests.debug.xcconfig */;
			buildSettings = {
				ALWAYS_EMBED_SWIFT_STANDARD_LIBRARIES = YES;
				CODE_SIGN_STYLE = Automatic;
				CURRENT_PROJECT_VERSION = 1;
				DEVELOPMENT_TEAM = WL843Y6GAK;
				GENERATE_INFOPLIST_FILE = YES;
				MARKETING_VERSION = 1.0;
				PRODUCT_BUNDLE_IDENTIFIER = com.albondarchuk.FileManagerAppUITests;
				PRODUCT_NAME = "$(TARGET_NAME)";
				SWIFT_EMIT_LOC_STRINGS = NO;
				SWIFT_VERSION = 5.0;
				TARGETED_DEVICE_FAMILY = "1,2";
				TEST_TARGET_NAME = FileManagerApp;
			};
			name = Debug;
		};
		C71787062855F135009D88AC /* Release */ = {
			isa = XCBuildConfiguration;
			baseConfigurationReference = 08C465648C1FFE8E0F6264FF /* Pods-FileManagerApp-FileManagerAppUITests.release.xcconfig */;
			buildSettings = {
				ALWAYS_EMBED_SWIFT_STANDARD_LIBRARIES = YES;
				CODE_SIGN_STYLE = Automatic;
				CURRENT_PROJECT_VERSION = 1;
				DEVELOPMENT_TEAM = WL843Y6GAK;
				GENERATE_INFOPLIST_FILE = YES;
				MARKETING_VERSION = 1.0;
				PRODUCT_BUNDLE_IDENTIFIER = com.albondarchuk.FileManagerAppUITests;
				PRODUCT_NAME = "$(TARGET_NAME)";
				SWIFT_EMIT_LOC_STRINGS = NO;
				SWIFT_VERSION = 5.0;
				TARGETED_DEVICE_FAMILY = "1,2";
				TEST_TARGET_NAME = FileManagerApp;
			};
			name = Release;
		};
/* End XCBuildConfiguration section */

/* Begin XCConfigurationList section */
		C71786CF2855F132009D88AC /* Build configuration list for PBXProject "FileManagerApp" */ = {
			isa = XCConfigurationList;
			buildConfigurations = (
				C71786FC2855F135009D88AC /* Debug */,
				C71786FD2855F135009D88AC /* Release */,
			);
			defaultConfigurationIsVisible = 0;
			defaultConfigurationName = Release;
		};
		C71786FE2855F135009D88AC /* Build configuration list for PBXNativeTarget "FileManagerApp" */ = {
			isa = XCConfigurationList;
			buildConfigurations = (
				C71786FF2855F135009D88AC /* Debug */,
				C71787002855F135009D88AC /* Release */,
			);
			defaultConfigurationIsVisible = 0;
			defaultConfigurationName = Release;
		};
		C71787012855F135009D88AC /* Build configuration list for PBXNativeTarget "FileManagerAppTests" */ = {
			isa = XCConfigurationList;
			buildConfigurations = (
				C71787022855F135009D88AC /* Debug */,
				C71787032855F135009D88AC /* Release */,
			);
			defaultConfigurationIsVisible = 0;
			defaultConfigurationName = Release;
		};
		C71787042855F135009D88AC /* Build configuration list for PBXNativeTarget "FileManagerAppUITests" */ = {
			isa = XCConfigurationList;
			buildConfigurations = (
				C71787052855F135009D88AC /* Debug */,
				C71787062855F135009D88AC /* Release */,
			);
			defaultConfigurationIsVisible = 0;
			defaultConfigurationName = Release;
		};
/* End XCConfigurationList section */

/* Begin XCRemoteSwiftPackageReference section */
		C717871F28577671009D88AC /* XCRemoteSwiftPackageReference "Alamofire" */ = {
			isa = XCRemoteSwiftPackageReference;
			repositoryURL = "https://github.com/Alamofire/Alamofire#cocoapods";
			requirement = {
				branch = master;
				kind = branch;
			};
		};
/* End XCRemoteSwiftPackageReference section */

/* Begin XCSwiftPackageProductDependency section */
		C717872028577671009D88AC /* Alamofire */ = {
			isa = XCSwiftPackageProductDependency;
			package = C717871F28577671009D88AC /* XCRemoteSwiftPackageReference "Alamofire" */;
			productName = Alamofire;
		};
/* End XCSwiftPackageProductDependency section */
	};
	rootObject = C71786CC2855F132009D88AC /* Project object */;
}
